
Microsoft Visual Studio Solution File, Format Version 12.00
# Visual Studio 15
VisualStudioVersion = 15.0.27004.2002
MinimumVisualStudioVersion = 10.0.40219.1
Project("{9A19103F-16F7-4668-BE54-9A1E7A4F7556}") = "MyWebSite", "MyWebSite\MyWebSite.csproj", "{AB430F08-BD2E-44F9-A4B3-3021B786B2FB}"
EndProject
Global
	GlobalSection(SolutionConfigurationPlatforms) = preSolution
		Debug|Any CPU = Debug|Any CPU
		Release|Any CPU = Release|Any CPU
	EndGlobalSection
	GlobalSection(ProjectConfigurationPlatforms) = postSolution
		{AB430F08-BD2E-44F9-A4B3-3021B786B2FB}.Debug|Any CPU.ActiveCfg = Debug|Any CPU
		{AB430F08-BD2E-44F9-A4B3-3021B786B2FB}.Debug|Any CPU.Build.0 = Debug|Any CPU
		{AB430F08-BD2E-44F9-A4B3-3021B786B2FB}.Release|Any CPU.ActiveCfg = Release|Any CPU
		{AB430F08-BD2E-44F9-A4B3-3021B786B2FB}.Release|Any CPU.Build.0 = Release|Any CPU
	EndGlobalSection
	GlobalSection(SolutionProperties) = preSolution
		HideSolutionNode = FALSE
	EndGlobalSection
	GlobalSection(ExtensibilityGlobals) = postSolution
		SolutionGuid = {FA9DC2BA-B7FE-4C86-B499-2C01D4273653}
	EndGlobalSection
EndGlobal
